
Microsoft Visual Studio Solution File, Format Version 12.00
# Visual Studio Version 17
VisualStudioVersion = 17.4.33213.308
MinimumVisualStudioVersion = 10.0.40219.1
Project("{FAE04EC0-301F-11D3-BF4B-00C04F79EFBC}") = "FirstProject", "FirstProject.csproj", "{A89C6754-594C-48C0-8A27-79F3C7F93CB6}"
EndProject
Global
	GlobalSection(SolutionConfigurationPlatforms) = preSolution
		Debug|Any CPU = Debug|Any CPU
		Release|Any CPU = Release|Any CPU
	EndGlobalSection
	GlobalSection(ProjectConfigurationPlatforms) = postSolution
		{A89C6754-594C-48C0-8A27-79F3C7F93CB6}.Debug|Any CPU.ActiveCfg = Debug|Any CPU
		{A89C6754-594C-48C0-8A27-79F3C7F93CB6}.Debug|Any CPU.Build.0 = Debug|Any CPU
		{A89C6754-594C-48C0-8A27-79F3C7F93CB6}.Release|Any CPU.ActiveCfg = Release|Any CPU
		{A89C6754-594C-48C0-8A27-79F3C7F93CB6}.Release|Any CPU.Build.0 = Release|Any CPU
	EndGlobalSection
	GlobalSection(SolutionProperties) = preSolution
		HideSolutionNode = FALSE
	EndGlobalSection
	GlobalSection(ExtensibilityGlobals) = postSolution
		SolutionGuid = {2728209F-F7E4-41A7-87CC-FAA0094E1761}
	EndGlobalSection
EndGlobal
